
Microsoft Visual Studio Solution File, Format Version 12.00
# Visual Studio Version 17
VisualStudioVersion = 17.2.32630.192
MinimumVisualStudioVersion = 10.0.40219.1
Project("{9A19103F-16F7-4668-BE54-9A1E7A4F7556}") = "R5T.T0216", "R5T.T0216\R5T.T0216.csproj", "{43F887B2-EF71-47D8-8B03-AB9EE9DB09E0}"
EndProject
Project("{2150E333-8FDC-42A3-9474-1A3956D46DE8}") = "_Dependencies", "_Dependencies", "{1892FADC-CA85-45ED-A796-BC72874AC2B0}"
EndProject
Project("{9A19103F-16F7-4668-BE54-9A1E7A4F7556}") = "R5T.T0132", "..\..\R5T.T0132\source\R5T.T0132\R5T.T0132.csproj", "{4C112D3B-5FF7-4176-9384-A8D81EFE93A7}"
EndProject
Project("{9A19103F-16F7-4668-BE54-9A1E7A4F7556}") = "R5T.T0143", "..\..\R5T.T0143\source\R5T.T0143\R5T.T0143.csproj", "{FC62369D-14C8-4956-B936-11E5BB067331}"
EndProject
Project("{9A19103F-16F7-4668-BE54-9A1E7A4F7556}") = "R5T.T0178", "..\..\R5T.T0178\source\R5T.T0178\R5T.T0178.csproj", "{D2C66611-5238-4B42-9874-E570CB86D1DA}"
EndProject
Project("{9A19103F-16F7-4668-BE54-9A1E7A4F7556}") = "R5T.T0179", "..\..\R5T.T0179\source\R5T.T0179\R5T.T0179.csproj", "{F1AB7490-60D8-4845-91F1-C7C5F0C6F0EC}"
EndProject
Project("{9A19103F-16F7-4668-BE54-9A1E7A4F7556}") = "R5T.T0131", "..\..\R5T.T0131\source\R5T.T0131\R5T.T0131.csproj", "{A00479C4-3D94-4074-83C7-1ACFADEE76F7}"
EndProject
Project("{9A19103F-16F7-4668-BE54-9A1E7A4F7556}") = "R5T.T0180", "..\..\R5T.T0180\source\R5T.T0180\R5T.T0180.csproj", "{6E3F5698-E27F-4D72-8E2B-B1E814EEBCFE}"
EndProject
Project("{9A19103F-16F7-4668-BE54-9A1E7A4F7556}") = "R5T.T0216.F001", "R5T.T0216.F001\R5T.T0216.F001.csproj", "{64FA55CB-CFAE-4BD2-9B2F-A936295E3380}"
EndProject
Project("{9A19103F-16F7-4668-BE54-9A1E7A4F7556}") = "R5T.F0000", "..\..\R5T.F0000\source\R5T.F0000\R5T.F0000.csproj", "{FB45DE0D-F3E8-47A2-AE0A-45C6AAEC91B0}"
EndProject
Project("{9A19103F-16F7-4668-BE54-9A1E7A4F7556}") = "R5T.F0002", "..\..\R5T.F0002\source\R5T.F0002\R5T.F0002.csproj", "{113535CC-3E2C-4163-A038-B713A8C2198A}"
EndProject
Project("{9A19103F-16F7-4668-BE54-9A1E7A4F7556}") = "R5T.F0120", "..\..\R5T.F0120\source\R5T.F0120\R5T.F0120.csproj", "{6006F0F5-62A6-432E-A28B-557B914AC424}"
EndProject
Project("{9A19103F-16F7-4668-BE54-9A1E7A4F7556}") = "R5T.F0124", "..\..\R5T.F0124\source\R5T.F0124\R5T.F0124.csproj", "{C59BF567-C3F7-48BD-BE2F-C71B430AEA3F}"
EndProject
Project("{9A19103F-16F7-4668-BE54-9A1E7A4F7556}") = "R5T.F0125", "..\..\R5T.F0125\source\R5T.F0125\R5T.F0125.csproj", "{EE467A99-B310-4913-92E0-251D0EFA28B5}"
EndProject
Project("{9A19103F-16F7-4668-BE54-9A1E7A4F7556}") = "R5T.L0030.T000", "..\..\R5T.L0030\source\R5T.L0030.T000\R5T.L0030.T000.csproj", "{F7E1B537-2C81-439E-A51D-589053AFE732}"
EndProject
Project("{9A19103F-16F7-4668-BE54-9A1E7A4F7556}") = "R5T.L0030", "..\..\R5T.L0030\source\R5T.L0030\R5T.L0030.csproj", "{89389790-6105-4FBB-9CF0-F47E126BD1CD}"
EndProject
Project("{9A19103F-16F7-4668-BE54-9A1E7A4F7556}") = "R5T.L0034", "..\..\R5T.L0034\source\R5T.L0034\R5T.L0034.csproj", "{35247BA8-304D-4D47-9702-92286EAE160C}"
EndProject
Project("{9A19103F-16F7-4668-BE54-9A1E7A4F7556}") = "R5T.L0035", "..\..\R5T.L0035\source\R5T.L0035\R5T.L0035.csproj", "{636F410F-540E-44BE-8C2F-787C699190D0}"
EndProject
Project("{9A19103F-16F7-4668-BE54-9A1E7A4F7556}") = "R5T.NG0022", "..\..\R5T.NG0022\source\R5T.NG0022\R5T.NG0022.csproj", "{FA364D77-9FE9-45AE-A6E4-3404F1701ECF}"
EndProject
Project("{9A19103F-16F7-4668-BE54-9A1E7A4F7556}") = "R5T.T0142", "..\..\R5T.T0142\source\R5T.T0142\R5T.T0142.csproj", "{052CDFA0-199B-4AE0-A3C9-744C291CDEAC}"
EndProject
Project("{9A19103F-16F7-4668-BE54-9A1E7A4F7556}") = "R5T.T0156", "..\..\R5T.T0156\source\R5T.T0156\R5T.T0156.csproj", "{F3FE11D7-AEEE-4B00-B92C-63880349006B}"
EndProject
Project("{9A19103F-16F7-4668-BE54-9A1E7A4F7556}") = "R5T.T0174", "..\..\R5T.T0174\source\R5T.T0174\R5T.T0174.csproj", "{6A412736-9941-4BAB-A28D-5928425E931D}"
EndProject
Project("{9A19103F-16F7-4668-BE54-9A1E7A4F7556}") = "R5T.T0176", "..\..\R5T.T0176\source\R5T.T0176\R5T.T0176.csproj", "{62DA5EFD-E3EF-4513-82D3-EEF387BDC17C}"
EndProject
Project("{9A19103F-16F7-4668-BE54-9A1E7A4F7556}") = "R5T.T0177", "..\..\R5T.T0177\source\R5T.T0177\R5T.T0177.csproj", "{D1D169BA-9DD6-46DD-AB44-F09328F6E3B2}"
EndProject
Project("{9A19103F-16F7-4668-BE54-9A1E7A4F7556}") = "R5T.T0181", "..\..\R5T.T0181\source\R5T.T0181\R5T.T0181.csproj", "{71C0F5BE-2ECD-4011-86B3-0E673F847493}"
EndProject
Project("{9A19103F-16F7-4668-BE54-9A1E7A4F7556}") = "R5T.T0185", "..\..\R5T.T0185\source\R5T.T0185\R5T.T0185.csproj", "{A21E79BF-A3D5-433A-96F6-67120F73C61E}"
EndProject
Project("{9A19103F-16F7-4668-BE54-9A1E7A4F7556}") = "R5T.T0203", "..\..\R5T.T0203\source\R5T.T0203\R5T.T0203.csproj", "{27F1432F-ECC5-4E96-B4A7-EC4071756F52}"
EndProject
Project("{9A19103F-16F7-4668-BE54-9A1E7A4F7556}") = "R5T.Y0000", "..\..\R5T.Y0000\source\R5T.Y0000\R5T.Y0000.csproj", "{E08F64B9-1481-4048-AC67-8BC764488DE5}"
EndProject
Project("{9A19103F-16F7-4668-BE54-9A1E7A4F7556}") = "R5T.Z0000", "..\..\R5T.Z0000\source\R5T.Z0000\R5T.Z0000.csproj", "{A94511C4-D4DD-4C7B-9C5C-E5ED886DA766}"
EndProject
Global
	GlobalSection(NestedProjects) = preSolution
		{4C112D3B-5FF7-4176-9384-A8D81EFE93A7} = {1892FADC-CA85-45ED-A796-BC72874AC2B0}
		{FC62369D-14C8-4956-B936-11E5BB067331} = {1892FADC-CA85-45ED-A796-BC72874AC2B0}
		{D2C66611-5238-4B42-9874-E570CB86D1DA} = {1892FADC-CA85-45ED-A796-BC72874AC2B0}
		{F1AB7490-60D8-4845-91F1-C7C5F0C6F0EC} = {1892FADC-CA85-45ED-A796-BC72874AC2B0}
		{A00479C4-3D94-4074-83C7-1ACFADEE76F7} = {1892FADC-CA85-45ED-A796-BC72874AC2B0}
		{6E3F5698-E27F-4D72-8E2B-B1E814EEBCFE} = {1892FADC-CA85-45ED-A796-BC72874AC2B0}
		{FB45DE0D-F3E8-47A2-AE0A-45C6AAEC91B0} = {1892FADC-CA85-45ED-A796-BC72874AC2B0}
		{113535CC-3E2C-4163-A038-B713A8C2198A} = {1892FADC-CA85-45ED-A796-BC72874AC2B0}
		{6006F0F5-62A6-432E-A28B-557B914AC424} = {1892FADC-CA85-45ED-A796-BC72874AC2B0}
		{C59BF567-C3F7-48BD-BE2F-C71B430AEA3F} = {1892FADC-CA85-45ED-A796-BC72874AC2B0}
		{EE467A99-B310-4913-92E0-251D0EFA28B5} = {1892FADC-CA85-45ED-A796-BC72874AC2B0}
		{F7E1B537-2C81-439E-A51D-589053AFE732} = {1892FADC-CA85-45ED-A796-BC72874AC2B0}
		{89389790-6105-4FBB-9CF0-F47E126BD1CD} = {1892FADC-CA85-45ED-A796-BC72874AC2B0}
		{35247BA8-304D-4D47-9702-92286EAE160C} = {1892FADC-CA85-45ED-A796-BC72874AC2B0}
		{636F410F-540E-44BE-8C2F-787C699190D0} = {1892FADC-CA85-45ED-A796-BC72874AC2B0}
		{FA364D77-9FE9-45AE-A6E4-3404F1701ECF} = {1892FADC-CA85-45ED-A796-BC72874AC2B0}
		{052CDFA0-199B-4AE0-A3C9-744C291CDEAC} = {1892FADC-CA85-45ED-A796-BC72874AC2B0}
		{F3FE11D7-AEEE-4B00-B92C-63880349006B} = {1892FADC-CA85-45ED-A796-BC72874AC2B0}
		{6A412736-9941-4BAB-A28D-5928425E931D} = {1892FADC-CA85-45ED-A796-BC72874AC2B0}
		{62DA5EFD-E3EF-4513-82D3-EEF387BDC17C} = {1892FADC-CA85-45ED-A796-BC72874AC2B0}
		{D1D169BA-9DD6-46DD-AB44-F09328F6E3B2} = {1892FADC-CA85-45ED-A796-BC72874AC2B0}
		{71C0F5BE-2ECD-4011-86B3-0E673F847493} = {1892FADC-CA85-45ED-A796-BC72874AC2B0}
		{A21E79BF-A3D5-433A-96F6-67120F73C61E} = {1892FADC-CA85-45ED-A796-BC72874AC2B0}
		{27F1432F-ECC5-4E96-B4A7-EC4071756F52} = {1892FADC-CA85-45ED-A796-BC72874AC2B0}
		{E08F64B9-1481-4048-AC67-8BC764488DE5} = {1892FADC-CA85-45ED-A796-BC72874AC2B0}
		{A94511C4-D4DD-4C7B-9C5C-E5ED886DA766} = {1892FADC-CA85-45ED-A796-BC72874AC2B0}
	EndGlobalSection
	GlobalSection(SolutionConfigurationPlatforms) = preSolution
		Debug|Any CPU = Debug|Any CPU
		Release|Any CPU = Release|Any CPU
	EndGlobalSection
	GlobalSection(ProjectConfigurationPlatforms) = postSolution
		{43F887B2-EF71-47D8-8B03-AB9EE9DB09E0}.Debug|Any CPU.ActiveCfg = Debug|Any CPU
		{43F887B2-EF71-47D8-8B03-AB9EE9DB09E0}.Debug|Any CPU.Build.0 = Debug|Any CPU
		{43F887B2-EF71-47D8-8B03-AB9EE9DB09E0}.Release|Any CPU.ActiveCfg = Release|Any CPU
		{43F887B2-EF71-47D8-8B03-AB9EE9DB09E0}.Release|Any CPU.Build.0 = Release|Any CPU
		{4C112D3B-5FF7-4176-9384-A8D81EFE93A7}.Debug|Any CPU.ActiveCfg = Debug|Any CPU
		{4C112D3B-5FF7-4176-9384-A8D81EFE93A7}.Debug|Any CPU.Build.0 = Debug|Any CPU
		{4C112D3B-5FF7-4176-9384-A8D81EFE93A7}.Release|Any CPU.ActiveCfg = Release|Any CPU
		{4C112D3B-5FF7-4176-9384-A8D81EFE93A7}.Release|Any CPU.Build.0 = Release|Any CPU
		{FC62369D-14C8-4956-B936-11E5BB067331}.Debug|Any CPU.ActiveCfg = Debug|Any CPU
		{FC62369D-14C8-4956-B936-11E5BB067331}.Debug|Any CPU.Build.0 = Debug|Any CPU
		{FC62369D-14C8-4956-B936-11E5BB067331}.Release|Any CPU.ActiveCfg = Release|Any CPU
		{FC62369D-14C8-4956-B936-11E5BB067331}.Release|Any CPU.Build.0 = Release|Any CPU
		{D2C66611-5238-4B42-9874-E570CB86D1DA}.Debug|Any CPU.ActiveCfg = Debug|Any CPU
		{D2C66611-5238-4B42-9874-E570CB86D1DA}.Debug|Any CPU.Build.0 = Debug|Any CPU
		{D2C66611-5238-4B42-9874-E570CB86D1DA}.Release|Any CPU.ActiveCfg = Release|Any CPU
		{D2C66611-5238-4B42-9874-E570CB86D1DA}.Release|Any CPU.Build.0 = Release|Any CPU
		{F1AB7490-60D8-4845-91F1-C7C5F0C6F0EC}.Debug|Any CPU.ActiveCfg = Debug|Any CPU
		{F1AB7490-60D8-4845-91F1-C7C5F0C6F0EC}.Debug|Any CPU.Build.0 = Debug|Any CPU
		{F1AB7490-60D8-4845-91F1-C7C5F0C6F0EC}.Release|Any CPU.ActiveCfg = Release|Any CPU
		{F1AB7490-60D8-4845-91F1-C7C5F0C6F0EC}.Release|Any CPU.Build.0 = Release|Any CPU
		{A00479C4-3D94-4074-83C7-1ACFADEE76F7}.Debug|Any CPU.ActiveCfg = Debug|Any CPU
		{A00479C4-3D94-4074-83C7-1ACFADEE76F7}.Debug|Any CPU.Build.0 = Debug|Any CPU
		{A00479C4-3D94-4074-83C7-1ACFADEE76F7}.Release|Any CPU.ActiveCfg = Release|Any CPU
		{A00479C4-3D94-4074-83C7-1ACFADEE76F7}.Release|Any CPU.Build.0 = Release|Any CPU
		{6E3F5698-E27F-4D72-8E2B-B1E814EEBCFE}.Debug|Any CPU.ActiveCfg = Debug|Any CPU
		{6E3F5698-E27F-4D72-8E2B-B1E814EEBCFE}.Debug|Any CPU.Build.0 = Debug|Any CPU
		{6E3F5698-E27F-4D72-8E2B-B1E814EEBCFE}.Release|Any CPU.ActiveCfg = Release|Any CPU
		{6E3F5698-E27F-4D72-8E2B-B1E814EEBCFE}.Release|Any CPU.Build.0 = Release|Any CPU
		{64FA55CB-CFAE-4BD2-9B2F-A936295E3380}.Debug|Any CPU.ActiveCfg = Debug|Any CPU
		{64FA55CB-CFAE-4BD2-9B2F-A936295E3380}.Debug|Any CPU.Build.0 = Debug|Any CPU
		{64FA55CB-CFAE-4BD2-9B2F-A936295E3380}.Release|Any CPU.ActiveCfg = Release|Any CPU
		{64FA55CB-CFAE-4BD2-9B2F-A936295E3380}.Release|Any CPU.Build.0 = Release|Any CPU
		{FB45DE0D-F3E8-47A2-AE0A-45C6AAEC91B0}.Debug|Any CPU.ActiveCfg = Debug|Any CPU
		{FB45DE0D-F3E8-47A2-AE0A-45C6AAEC91B0}.Debug|Any CPU.Build.0 = Debug|Any CPU
		{FB45DE0D-F3E8-47A2-AE0A-45C6AAEC91B0}.Release|Any CPU.ActiveCfg = Release|Any CPU
		{FB45DE0D-F3E8-47A2-AE0A-45C6AAEC91B0}.Release|Any CPU.Build.0 = Release|Any CPU
		{113535CC-3E2C-4163-A038-B713A8C2198A}.Debug|Any CPU.ActiveCfg = Debug|Any CPU
		{113535CC-3E2C-4163-A038-B713A8C2198A}.Debug|Any CPU.Build.0 = Debug|Any CPU
		{113535CC-3E2C-4163-A038-B713A8C2198A}.Release|Any CPU.ActiveCfg = Release|Any CPU
		{113535CC-3E2C-4163-A038-B713A8C2198A}.Release|Any CPU.Build.0 = Release|Any CPU
		{6006F0F5-62A6-432E-A28B-557B914AC424}.Debug|Any CPU.ActiveCfg = Debug|Any CPU
		{6006F0F5-62A6-432E-A28B-557B914AC424}.Debug|Any CPU.Build.0 = Debug|Any CPU
		{6006F0F5-62A6-432E-A28B-557B914AC424}.Release|Any CPU.ActiveCfg = Release|Any CPU
		{6006F0F5-62A6-432E-A28B-557B914AC424}.Release|Any CPU.Build.0 = Release|Any CPU
		{C59BF567-C3F7-48BD-BE2F-C71B430AEA3F}.Debug|Any CPU.ActiveCfg = Debug|Any CPU
		{C59BF567-C3F7-48BD-BE2F-C71B430AEA3F}.Debug|Any CPU.Build.0 = Debug|Any CPU
		{C59BF567-C3F7-48BD-BE2F-C71B430AEA3F}.Release|Any CPU.ActiveCfg = Release|Any CPU
		{C59BF567-C3F7-48BD-BE2F-C71B430AEA3F}.Release|Any CPU.Build.0 = Release|Any CPU
		{EE467A99-B310-4913-92E0-251D0EFA28B5}.Debug|Any CPU.ActiveCfg = Debug|Any CPU
		{EE467A99-B310-4913-92E0-251D0EFA28B5}.Debug|Any CPU.Build.0 = Debug|Any CPU
		{EE467A99-B310-4913-92E0-251D0EFA28B5}.Release|Any CPU.ActiveCfg = Release|Any CPU
		{EE467A99-B310-4913-92E0-251D0EFA28B5}.Release|Any CPU.Build.0 = Release|Any CPU
		{F7E1B537-2C81-439E-A51D-589053AFE732}.Debug|Any CPU.ActiveCfg = Debug|Any CPU
		{F7E1B537-2C81-439E-A51D-589053AFE732}.Debug|Any CPU.Build.0 = Debug|Any CPU
		{F7E1B537-2C81-439E-A51D-589053AFE732}.Release|Any CPU.ActiveCfg = Release|Any CPU
		{F7E1B537-2C81-439E-A51D-589053AFE732}.Release|Any CPU.Build.0 = Release|Any CPU
		{89389790-6105-4FBB-9CF0-F47E126BD1CD}.Debug|Any CPU.ActiveCfg = Debug|Any CPU
		{89389790-6105-4FBB-9CF0-F47E126BD1CD}.Debug|Any CPU.Build.0 = Debug|Any CPU
		{89389790-6105-4FBB-9CF0-F47E126BD1CD}.Release|Any CPU.ActiveCfg = Release|Any CPU
		{89389790-6105-4FBB-9CF0-F47E126BD1CD}.Release|Any CPU.Build.0 = Release|Any CPU
		{35247BA8-304D-4D47-9702-92286EAE160C}.Debug|Any CPU.ActiveCfg = Debug|Any CPU
		{35247BA8-304D-4D47-9702-92286EAE160C}.Debug|Any CPU.Build.0 = Debug|Any CPU
		{35247BA8-304D-4D47-9702-92286EAE160C}.Release|Any CPU.ActiveCfg = Release|Any CPU
		{35247BA8-304D-4D47-9702-92286EAE160C}.Release|Any CPU.Build.0 = Release|Any CPU
		{636F410F-540E-44BE-8C2F-787C699190D0}.Debug|Any CPU.ActiveCfg = Debug|Any CPU
		{636F410F-540E-44BE-8C2F-787C699190D0}.Debug|Any CPU.Build.0 = Debug|Any CPU
		{636F410F-540E-44BE-8C2F-787C699190D0}.Release|Any CPU.ActiveCfg = Release|Any CPU
		{636F410F-540E-44BE-8C2F-787C699190D0}.Release|Any CPU.Build.0 = Release|Any CPU
		{FA364D77-9FE9-45AE-A6E4-3404F1701ECF}.Debug|Any CPU.ActiveCfg = Debug|Any CPU
		{FA364D77-9FE9-45AE-A6E4-3404F1701ECF}.Debug|Any CPU.Build.0 = Debug|Any CPU
		{FA364D77-9FE9-45AE-A6E4-3404F1701ECF}.Release|Any CPU.ActiveCfg = Release|Any CPU
		{FA364D77-9FE9-45AE-A6E4-3404F1701ECF}.Release|Any CPU.Build.0 = Release|Any CPU
		{052CDFA0-199B-4AE0-A3C9-744C291CDEAC}.Debug|Any CPU.ActiveCfg = Debug|Any CPU
		{052CDFA0-199B-4AE0-A3C9-744C291CDEAC}.Debug|Any CPU.Build.0 = Debug|Any CPU
		{052CDFA0-199B-4AE0-A3C9-744C291CDEAC}.Release|Any CPU.ActiveCfg = Release|Any CPU
		{052CDFA0-199B-4AE0-A3C9-744C291CDEAC}.Release|Any CPU.Build.0 = Release|Any CPU
		{F3FE11D7-AEEE-4B00-B92C-63880349006B}.Debug|Any CPU.ActiveCfg = Debug|Any CPU
		{F3FE11D7-AEEE-4B00-B92C-63880349006B}.Debug|Any CPU.Build.0 = Debug|Any CPU
		{F3FE11D7-AEEE-4B00-B92C-63880349006B}.Release|Any CPU.ActiveCfg = Release|Any CPU
		{F3FE11D7-AEEE-4B00-B92C-63880349006B}.Release|Any CPU.Build.0 = Release|Any CPU
		{6A412736-9941-4BAB-A28D-5928425E931D}.Debug|Any CPU.ActiveCfg = Debug|Any CPU
		{6A412736-9941-4BAB-A28D-5928425E931D}.Debug|Any CPU.Build.0 = Debug|Any CPU
		{6A412736-9941-4BAB-A28D-5928425E931D}.Release|Any CPU.ActiveCfg = Release|Any CPU
		{6A412736-9941-4BAB-A28D-5928425E931D}.Release|Any CPU.Build.0 = Release|Any CPU
		{62DA5EFD-E3EF-4513-82D3-EEF387BDC17C}.Debug|Any CPU.ActiveCfg = Debug|Any CPU
		{62DA5EFD-E3EF-4513-82D3-EEF387BDC17C}.Debug|Any CPU.Build.0 = Debug|Any CPU
		{62DA5EFD-E3EF-4513-82D3-EEF387BDC17C}.Release|Any CPU.ActiveCfg = Release|Any CPU
		{62DA5EFD-E3EF-4513-82D3-EEF387BDC17C}.Release|Any CPU.Build.0 = Release|Any CPU
		{D1D169BA-9DD6-46DD-AB44-F09328F6E3B2}.Debug|Any CPU.ActiveCfg = Debug|Any CPU
		{D1D169BA-9DD6-46DD-AB44-F09328F6E3B2}.Debug|Any CPU.Build.0 = Debug|Any CPU
		{D1D169BA-9DD6-46DD-AB44-F09328F6E3B2}.Release|Any CPU.ActiveCfg = Release|Any CPU
		{D1D169BA-9DD6-46DD-AB44-F09328F6E3B2}.Release|Any CPU.Build.0 = Release|Any CPU
		{71C0F5BE-2ECD-4011-86B3-0E673F847493}.Debug|Any CPU.ActiveCfg = Debug|Any CPU
		{71C0F5BE-2ECD-4011-86B3-0E673F847493}.Debug|Any CPU.Build.0 = Debug|Any CPU
		{71C0F5BE-2ECD-4011-86B3-0E673F847493}.Release|Any CPU.ActiveCfg = Release|Any CPU
		{71C0F5BE-2ECD-4011-86B3-0E673F847493}.Release|Any CPU.Build.0 = Release|Any CPU
		{A21E79BF-A3D5-433A-96F6-67120F73C61E}.Debug|Any CPU.ActiveCfg = Debug|Any CPU
		{A21E79BF-A3D5-433A-96F6-67120F73C61E}.Debug|Any CPU.Build.0 = Debug|Any CPU
		{A21E79BF-A3D5-433A-96F6-67120F73C61E}.Release|Any CPU.ActiveCfg = Release|Any CPU
		{A21E79BF-A3D5-433A-96F6-67120F73C61E}.Release|Any CPU.Build.0 = Release|Any CPU
		{27F1432F-ECC5-4E96-B4A7-EC4071756F52}.Debug|Any CPU.ActiveCfg = Debug|Any CPU
		{27F1432F-ECC5-4E96-B4A7-EC4071756F52}.Debug|Any CPU.Build.0 = Debug|Any CPU
		{27F1432F-ECC5-4E96-B4A7-EC4071756F52}.Release|Any CPU.ActiveCfg = Release|Any CPU
		{27F1432F-ECC5-4E96-B4A7-EC4071756F52}.Release|Any CPU.Build.0 = Release|Any CPU
		{E08F64B9-1481-4048-AC67-8BC764488DE5}.Debug|Any CPU.ActiveCfg = Debug|Any CPU
		{E08F64B9-1481-4048-AC67-8BC764488DE5}.Debug|Any CPU.Build.0 = Debug|Any CPU
		{E08F64B9-1481-4048-AC67-8BC764488DE5}.Release|Any CPU.ActiveCfg = Release|Any CPU
		{E08F64B9-1481-4048-AC67-8BC764488DE5}.Release|Any CPU.Build.0 = Release|Any CPU
		{A94511C4-D4DD-4C7B-9C5C-E5ED886DA766}.Debug|Any CPU.ActiveCfg = Debug|Any CPU
		{A94511C4-D4DD-4C7B-9C5C-E5ED886DA766}.Debug|Any CPU.Build.0 = Debug|Any CPU
		{A94511C4-D4DD-4C7B-9C5C-E5ED886DA766}.Release|Any CPU.ActiveCfg = Release|Any CPU
		{A94511C4-D4DD-4C7B-9C5C-E5ED886DA766}.Release|Any CPU.Build.0 = Release|Any CPU
	EndGlobalSection
	GlobalSection(SolutionProperties) = preSolution
		HideSolutionNode = FALSE
	EndGlobalSection
	GlobalSection(ExtensibilityGlobals) = postSolution
		SolutionGuid = {B48DB0B1-BE13-4EAB-95D4-66F8617F43AA}
	EndGlobalSection
EndGlobal
