
Microsoft Visual Studio Solution File, Format Version 12.00
# Visual Studio Version 17
VisualStudioVersion = 17.2.32630.192
MinimumVisualStudioVersion = 10.0.40219.1
Project("{9A19103F-16F7-4668-BE54-9A1E7A4F7556}") = "R5T.T0216.Construction", "R5T.T0216.Construction\R5T.T0216.Construction.csproj", "{1256C079-B448-4B2F-B9C7-39937019EC4A}"
EndProject
Project("{9A19103F-16F7-4668-BE54-9A1E7A4F7556}") = "R5T.T0216", "R5T.T0216\R5T.T0216.csproj", "{5137CE65-6A36-4ECA-AC82-A85DA4EADB58}"
EndProject
Project("{2150E333-8FDC-42A3-9474-1A3956D46DE8}") = "_Dependencies", "_Dependencies", "{26A8721C-98CD-406C-A883-5F1D121ECC2A}"
EndProject
Project("{9A19103F-16F7-4668-BE54-9A1E7A4F7556}") = "R5T.T0132", "..\..\R5T.T0132\source\R5T.T0132\R5T.T0132.csproj", "{246944B2-0D4E-4486-BA21-04401B8503D4}"
EndProject
Project("{9A19103F-16F7-4668-BE54-9A1E7A4F7556}") = "R5T.T0143", "..\..\R5T.T0143\source\R5T.T0143\R5T.T0143.csproj", "{2B025FD7-472A-49BC-ABB6-D183D23813B7}"
EndProject
Project("{9A19103F-16F7-4668-BE54-9A1E7A4F7556}") = "R5T.T0178", "..\..\R5T.T0178\source\R5T.T0178\R5T.T0178.csproj", "{E278D5D8-387D-4673-B901-60A986D87552}"
EndProject
Project("{9A19103F-16F7-4668-BE54-9A1E7A4F7556}") = "R5T.T0179", "..\..\R5T.T0179\source\R5T.T0179\R5T.T0179.csproj", "{ABA3B906-0CCA-4396-B883-174056394820}"
EndProject
Project("{9A19103F-16F7-4668-BE54-9A1E7A4F7556}") = "R5T.T0131", "..\..\R5T.T0131\source\R5T.T0131\R5T.T0131.csproj", "{6C3C419C-0944-4C49-9F29-AE474EC63522}"
EndProject
Project("{9A19103F-16F7-4668-BE54-9A1E7A4F7556}") = "R5T.T0180", "..\..\R5T.T0180\source\R5T.T0180\R5T.T0180.csproj", "{4A994524-1F74-4CC7-88E2-01012834890D}"
EndProject
Global
	GlobalSection(NestedProjects) = preSolution
		{246944B2-0D4E-4486-BA21-04401B8503D4} = {26A8721C-98CD-406C-A883-5F1D121ECC2A}
		{2B025FD7-472A-49BC-ABB6-D183D23813B7} = {26A8721C-98CD-406C-A883-5F1D121ECC2A}
		{E278D5D8-387D-4673-B901-60A986D87552} = {26A8721C-98CD-406C-A883-5F1D121ECC2A}
		{ABA3B906-0CCA-4396-B883-174056394820} = {26A8721C-98CD-406C-A883-5F1D121ECC2A}
		{6C3C419C-0944-4C49-9F29-AE474EC63522} = {26A8721C-98CD-406C-A883-5F1D121ECC2A}
		{4A994524-1F74-4CC7-88E2-01012834890D} = {26A8721C-98CD-406C-A883-5F1D121ECC2A}
	EndGlobalSection
	GlobalSection(SolutionConfigurationPlatforms) = preSolution
		Debug|Any CPU = Debug|Any CPU
		Release|Any CPU = Release|Any CPU
	EndGlobalSection
	GlobalSection(ProjectConfigurationPlatforms) = postSolution
		{1256C079-B448-4B2F-B9C7-39937019EC4A}.Debug|Any CPU.ActiveCfg = Debug|Any CPU
		{1256C079-B448-4B2F-B9C7-39937019EC4A}.Debug|Any CPU.Build.0 = Debug|Any CPU
		{1256C079-B448-4B2F-B9C7-39937019EC4A}.Release|Any CPU.ActiveCfg = Release|Any CPU
		{1256C079-B448-4B2F-B9C7-39937019EC4A}.Release|Any CPU.Build.0 = Release|Any CPU
		{5137CE65-6A36-4ECA-AC82-A85DA4EADB58}.Debug|Any CPU.ActiveCfg = Debug|Any CPU
		{5137CE65-6A36-4ECA-AC82-A85DA4EADB58}.Debug|Any CPU.Build.0 = Debug|Any CPU
		{5137CE65-6A36-4ECA-AC82-A85DA4EADB58}.Release|Any CPU.ActiveCfg = Release|Any CPU
		{5137CE65-6A36-4ECA-AC82-A85DA4EADB58}.Release|Any CPU.Build.0 = Release|Any CPU
		{246944B2-0D4E-4486-BA21-04401B8503D4}.Debug|Any CPU.ActiveCfg = Debug|Any CPU
		{246944B2-0D4E-4486-BA21-04401B8503D4}.Debug|Any CPU.Build.0 = Debug|Any CPU
		{246944B2-0D4E-4486-BA21-04401B8503D4}.Release|Any CPU.ActiveCfg = Release|Any CPU
		{246944B2-0D4E-4486-BA21-04401B8503D4}.Release|Any CPU.Build.0 = Release|Any CPU
		{2B025FD7-472A-49BC-ABB6-D183D23813B7}.Debug|Any CPU.ActiveCfg = Debug|Any CPU
		{2B025FD7-472A-49BC-ABB6-D183D23813B7}.Debug|Any CPU.Build.0 = Debug|Any CPU
		{2B025FD7-472A-49BC-ABB6-D183D23813B7}.Release|Any CPU.ActiveCfg = Release|Any CPU
		{2B025FD7-472A-49BC-ABB6-D183D23813B7}.Release|Any CPU.Build.0 = Release|Any CPU
		{E278D5D8-387D-4673-B901-60A986D87552}.Debug|Any CPU.ActiveCfg = Debug|Any CPU
		{E278D5D8-387D-4673-B901-60A986D87552}.Debug|Any CPU.Build.0 = Debug|Any CPU
		{E278D5D8-387D-4673-B901-60A986D87552}.Release|Any CPU.ActiveCfg = Release|Any CPU
		{E278D5D8-387D-4673-B901-60A986D87552}.Release|Any CPU.Build.0 = Release|Any CPU
		{ABA3B906-0CCA-4396-B883-174056394820}.Debug|Any CPU.ActiveCfg = Debug|Any CPU
		{ABA3B906-0CCA-4396-B883-174056394820}.Debug|Any CPU.Build.0 = Debug|Any CPU
		{ABA3B906-0CCA-4396-B883-174056394820}.Release|Any CPU.ActiveCfg = Release|Any CPU
		{ABA3B906-0CCA-4396-B883-174056394820}.Release|Any CPU.Build.0 = Release|Any CPU
		{6C3C419C-0944-4C49-9F29-AE474EC63522}.Debug|Any CPU.ActiveCfg = Debug|Any CPU
		{6C3C419C-0944-4C49-9F29-AE474EC63522}.Debug|Any CPU.Build.0 = Debug|Any CPU
		{6C3C419C-0944-4C49-9F29-AE474EC63522}.Release|Any CPU.ActiveCfg = Release|Any CPU
		{6C3C419C-0944-4C49-9F29-AE474EC63522}.Release|Any CPU.Build.0 = Release|Any CPU
		{4A994524-1F74-4CC7-88E2-01012834890D}.Debug|Any CPU.ActiveCfg = Debug|Any CPU
		{4A994524-1F74-4CC7-88E2-01012834890D}.Debug|Any CPU.Build.0 = Debug|Any CPU
		{4A994524-1F74-4CC7-88E2-01012834890D}.Release|Any CPU.ActiveCfg = Release|Any CPU
		{4A994524-1F74-4CC7-88E2-01012834890D}.Release|Any CPU.Build.0 = Release|Any CPU
	EndGlobalSection
	GlobalSection(SolutionProperties) = preSolution
		HideSolutionNode = FALSE
	EndGlobalSection
	GlobalSection(ExtensibilityGlobals) = postSolution
		SolutionGuid = {83EE7544-691E-45F0-AA58-86D988CD3FE6}
	EndGlobalSection
EndGlobal
